
Microsoft Visual Studio Solution File, Format Version 12.00
# Visual Studio Version 16
VisualStudioVersion = 16.0.33423.256
MinimumVisualStudioVersion = 10.0.40219.1
Project("{FAE04EC0-301F-11D3-BF4B-00C04F79EFBC}") = "TP2Grupal_PROG3", "TP2Grupal_PROG3\TP2Grupal_PROG3.csproj", "{062D6384-ADD0-42B1-8148-55FA86AEAC7D}"
EndProject
Global
	GlobalSection(SolutionConfigurationPlatforms) = preSolution
		Debug|Any CPU = Debug|Any CPU
		Release|Any CPU = Release|Any CPU
	EndGlobalSection
	GlobalSection(ProjectConfigurationPlatforms) = postSolution
		{062D6384-ADD0-42B1-8148-55FA86AEAC7D}.Debug|Any CPU.ActiveCfg = Debug|Any CPU
		{062D6384-ADD0-42B1-8148-55FA86AEAC7D}.Debug|Any CPU.Build.0 = Debug|Any CPU
		{062D6384-ADD0-42B1-8148-55FA86AEAC7D}.Release|Any CPU.ActiveCfg = Release|Any CPU
		{062D6384-ADD0-42B1-8148-55FA86AEAC7D}.Release|Any CPU.Build.0 = Release|Any CPU
	EndGlobalSection
	GlobalSection(SolutionProperties) = preSolution
		HideSolutionNode = FALSE
	EndGlobalSection
	GlobalSection(ExtensibilityGlobals) = postSolution
		SolutionGuid = {D7698C03-29C5-4457-8BDA-527024C5C56D}
	EndGlobalSection
EndGlobal
